
Microsoft Visual Studio Solution File, Format Version 12.00
# Visual Studio 14
VisualStudioVersion = 14.0.25420.1
MinimumVisualStudioVersion = 10.0.40219.1
Project("{FAE04EC0-301F-11D3-BF4B-00C04F79EFBC}") = "WebApplication1", "WebApplication1\WebApplication1.csproj", "{8B306C97-DA00-47CE-8691-43D8EFAF28FC}"
EndProject
Project("{FAE04EC0-301F-11D3-BF4B-00C04F79EFBC}") = "EntityModel", "EntityModel\EntityModel.csproj", "{319D94FD-9999-4D34-A7EE-5DB4D108DF41}"
EndProject
Global
	GlobalSection(SolutionConfigurationPlatforms) = preSolution
		Debug|Any CPU = Debug|Any CPU
		Release|Any CPU = Release|Any CPU
	EndGlobalSection
	GlobalSection(ProjectConfigurationPlatforms) = postSolution
		{8B306C97-DA00-47CE-8691-43D8EFAF28FC}.Debug|Any CPU.ActiveCfg = Debug|Any CPU
		{8B306C97-DA00-47CE-8691-43D8EFAF28FC}.Debug|Any CPU.Build.0 = Debug|Any CPU
		{8B306C97-DA00-47CE-8691-43D8EFAF28FC}.Release|Any CPU.ActiveCfg = Release|Any CPU
		{8B306C97-DA00-47CE-8691-43D8EFAF28FC}.Release|Any CPU.Build.0 = Release|Any CPU
		{319D94FD-9999-4D34-A7EE-5DB4D108DF41}.Debug|Any CPU.ActiveCfg = Debug|Any CPU
		{319D94FD-9999-4D34-A7EE-5DB4D108DF41}.Debug|Any CPU.Build.0 = Debug|Any CPU
		{319D94FD-9999-4D34-A7EE-5DB4D108DF41}.Release|Any CPU.ActiveCfg = Release|Any CPU
		{319D94FD-9999-4D34-A7EE-5DB4D108DF41}.Release|Any CPU.Build.0 = Release|Any CPU
	EndGlobalSection
	GlobalSection(SolutionProperties) = preSolution
		HideSolutionNode = FALSE
	EndGlobalSection
EndGlobal
